
Microsoft Visual Studio Solution File, Format Version 12.00
# Visual Studio Version 17
VisualStudioVersion = 17.3.32804.467
MinimumVisualStudioVersion = 10.0.40219.1
Project("{9A19103F-16F7-4668-BE54-9A1E7A4F7556}") = "DataWebApi", "DataWebApi\DataWebApi.csproj", "{F1B1DED4-D1D5-41F4-A82A-747B6A79E766}"
EndProject
Project("{9A19103F-16F7-4668-BE54-9A1E7A4F7556}") = "DataWebApi.Tests", "DataWebApi.Tests\DataWebApi.Tests.csproj", "{634EDD59-F51E-4ED3-B642-BC6293028372}"
EndProject
Global
	GlobalSection(SolutionConfigurationPlatforms) = preSolution
		Debug|Any CPU = Debug|Any CPU
		Release|Any CPU = Release|Any CPU
	EndGlobalSection
	GlobalSection(ProjectConfigurationPlatforms) = postSolution
		{F1B1DED4-D1D5-41F4-A82A-747B6A79E766}.Debug|Any CPU.ActiveCfg = Debug|Any CPU
		{F1B1DED4-D1D5-41F4-A82A-747B6A79E766}.Debug|Any CPU.Build.0 = Debug|Any CPU
		{F1B1DED4-D1D5-41F4-A82A-747B6A79E766}.Release|Any CPU.ActiveCfg = Release|Any CPU
		{F1B1DED4-D1D5-41F4-A82A-747B6A79E766}.Release|Any CPU.Build.0 = Release|Any CPU
		{634EDD59-F51E-4ED3-B642-BC6293028372}.Debug|Any CPU.ActiveCfg = Debug|Any CPU
		{634EDD59-F51E-4ED3-B642-BC6293028372}.Debug|Any CPU.Build.0 = Debug|Any CPU
		{634EDD59-F51E-4ED3-B642-BC6293028372}.Release|Any CPU.ActiveCfg = Release|Any CPU
		{634EDD59-F51E-4ED3-B642-BC6293028372}.Release|Any CPU.Build.0 = Release|Any CPU
	EndGlobalSection
	GlobalSection(SolutionProperties) = preSolution
		HideSolutionNode = FALSE
	EndGlobalSection
	GlobalSection(ExtensibilityGlobals) = postSolution
		SolutionGuid = {0F8C6138-725B-4E14-A2F6-542E83F0F0C1}
	EndGlobalSection
EndGlobal
